
Microsoft Visual Studio Solution File, Format Version 12.00
# Visual Studio Version 17
VisualStudioVersion = 17.0.31903.59
MinimumVisualStudioVersion = 10.0.40219.1
Project("{2150E333-8FDC-42A3-9474-1A3956D46DE8}") = "90 Presentation", "90 Presentation", "{2C23F739-4CCF-4D98-5F80-CB5325689DE4}"
EndProject
Project("{FAE04EC0-301F-11D3-BF4B-00C04F79EFBC}") = "CacioPepe.Rest", "CacioPepe.Rest\CacioPepe.Rest.csproj", "{6CECBFEA-0DC9-42BE-AE3F-C8404A1AD4B2}"
EndProject
Project("{2150E333-8FDC-42A3-9474-1A3956D46DE8}") = "80 Infrastructure", "80 Infrastructure", "{4212B86E-31B4-C78C-2768-9246C758E373}"
EndProject
Project("{FAE04EC0-301F-11D3-BF4B-00C04F79EFBC}") = "CacioPepe.Infrastructure", "CacioPepe.Infrastructure\CacioPepe.Infrastructure.csproj", "{54AD09C6-4934-4445-AD64-354AFB8A3F30}"
EndProject
Project("{2150E333-8FDC-42A3-9474-1A3956D46DE8}") = "50 Modules", "50 Modules", "{980CB5DE-473C-0215-9804-C595D1F8FF98}"
EndProject
Project("{2150E333-8FDC-42A3-9474-1A3956D46DE8}") = "Cucina", "Cucina", "{D007FFCC-E848-D469-848C-D002216858D6}"
EndProject
Project("{FAE04EC0-301F-11D3-BF4B-00C04F79EFBC}") = "CacioPepe.Cucina.Facade", "Cucina\CacioPepe.Cucina.Facade\CacioPepe.Cucina.Facade.csproj", "{26C09450-167D-41BF-B206-D5C7135E3EBA}"
EndProject
Project("{FAE04EC0-301F-11D3-BF4B-00C04F79EFBC}") = "CacioPepe.Cucina.Domain", "Cucina\CacioPepe.Cucina.Domain\CacioPepe.Cucina.Domain.csproj", "{60582E23-E81C-4AA5-BD29-CBD086BADF46}"
EndProject
Project("{FAE04EC0-301F-11D3-BF4B-00C04F79EFBC}") = "CacioPepe.Cucina.SharedKernel", "Cucina\CacioPepe.Cucina.SharedKernel\CacioPepe.Cucina.SharedKernel.csproj", "{54CA7AC6-B3C6-4A39-A0D6-FA6DDC7AA571}"
EndProject
Project("{FAE04EC0-301F-11D3-BF4B-00C04F79EFBC}") = "CacioPepe.Cucina.ReadModel", "Cucina\CacioPepe.Cucina.ReadModel\CacioPepe.Cucina.ReadModel.csproj", "{3226FFF8-0977-46CD-80CB-433B5924B44F}"
EndProject
Project("{FAE04EC0-301F-11D3-BF4B-00C04F79EFBC}") = "CacioPepe.Cucina.Infrastructure", "Cucina\CacioPepe.Cucina.Infrastructure\CacioPepe.Cucina.Infrastructure.csproj", "{49144967-C2EF-481F-90D0-E6F47983B2F5}"
EndProject
Project("{2150E333-8FDC-42A3-9474-1A3956D46DE8}") = "Tests", "Tests", "{389C6D25-3551-6D88-C799-119AC4001529}"
EndProject
Project("{FAE04EC0-301F-11D3-BF4B-00C04F79EFBC}") = "CacioPepe.Cucina.Tests", "Cucina\CacioPepe.Cucina.Tests\CacioPepe.Cucina.Tests.csproj", "{BD61639E-3DFC-4B6D-BAF6-1CA7E61DB576}"
EndProject
Project("{2150E333-8FDC-42A3-9474-1A3956D46DE8}") = "Trattoria", "Trattoria", "{F66587DA-1689-3787-E90F-0B579D7E89F7}"
EndProject
Project("{FAE04EC0-301F-11D3-BF4B-00C04F79EFBC}") = "CacioPepe.Trattoria.Facade", "Trattoria\CacioPepe.Trattoria.Facade\CacioPepe.Trattoria.Facade.csproj", "{DC1F5A17-E560-4390-917B-387CB5275616}"
EndProject
Project("{FAE04EC0-301F-11D3-BF4B-00C04F79EFBC}") = "CacioPepe.Trattoria.Domain", "Trattoria\CacioPepe.Trattoria.Domain\CacioPepe.Trattoria.Domain.csproj", "{7FB36BE6-BF8A-477C-9B41-99D771B71373}"
EndProject
Project("{FAE04EC0-301F-11D3-BF4B-00C04F79EFBC}") = "CacioPepe.Trattoria.SharedKernel", "Trattoria\CacioPepe.Trattoria.SharedKernel\CacioPepe.Trattoria.SharedKernel.csproj", "{73045023-85D5-4D85-8DB9-2984243CC897}"
EndProject
Project("{FAE04EC0-301F-11D3-BF4B-00C04F79EFBC}") = "CacioPepe.Trattoria.ReadModel", "Trattoria\CacioPepe.Trattoria.ReadModel\CacioPepe.Trattoria.ReadModel.csproj", "{EDEF7FC0-FC20-4E8D-911F-E547085ACB5C}"
EndProject
Project("{FAE04EC0-301F-11D3-BF4B-00C04F79EFBC}") = "CacioPepe.Trattoria.Infrastructure", "Trattoria\CacioPepe.Trattoria.Infrastructure\CacioPepe.Trattoria.Infrastructure.csproj", "{942A8241-DF18-488F-8F02-0113241C76E1}"
EndProject
Project("{2150E333-8FDC-42A3-9474-1A3956D46DE8}") = "Tests", "Tests", "{DB02AE29-DED7-1BF3-C762-2D32F5A74F92}"
EndProject
Project("{FAE04EC0-301F-11D3-BF4B-00C04F79EFBC}") = "CacioPepe.Trattoria.Tests", "Trattoria\CacioPepe.Trattoria.Tests\CacioPepe.Trattoria.Tests.csproj", "{4D194DC8-4A6C-4828-B71D-D0384B9D08A7}"
EndProject
Project("{2150E333-8FDC-42A3-9474-1A3956D46DE8}") = "30 Shared", "30 Shared", "{6F73D70B-CDBA-C3C0-7406-8467CB8BE2DE}"
EndProject
Project("{FAE04EC0-301F-11D3-BF4B-00C04F79EFBC}") = "CacioPepe.Shared", "CacioPepe.Shared\CacioPepe.Shared.csproj", "{8A3DD767-3B82-4088-B11D-B41E6317B359}"
EndProject
Global
	GlobalSection(SolutionConfigurationPlatforms) = preSolution
		Debug|Any CPU = Debug|Any CPU
		Debug|x64 = Debug|x64
		Debug|x86 = Debug|x86
		Release|Any CPU = Release|Any CPU
		Release|x64 = Release|x64
		Release|x86 = Release|x86
	EndGlobalSection
	GlobalSection(ProjectConfigurationPlatforms) = postSolution
		{6CECBFEA-0DC9-42BE-AE3F-C8404A1AD4B2}.Debug|Any CPU.ActiveCfg = Debug|Any CPU
		{6CECBFEA-0DC9-42BE-AE3F-C8404A1AD4B2}.Debug|Any CPU.Build.0 = Debug|Any CPU
		{6CECBFEA-0DC9-42BE-AE3F-C8404A1AD4B2}.Debug|x64.ActiveCfg = Debug|Any CPU
		{6CECBFEA-0DC9-42BE-AE3F-C8404A1AD4B2}.Debug|x64.Build.0 = Debug|Any CPU
		{6CECBFEA-0DC9-42BE-AE3F-C8404A1AD4B2}.Debug|x86.ActiveCfg = Debug|Any CPU
		{6CECBFEA-0DC9-42BE-AE3F-C8404A1AD4B2}.Debug|x86.Build.0 = Debug|Any CPU
		{6CECBFEA-0DC9-42BE-AE3F-C8404A1AD4B2}.Release|Any CPU.ActiveCfg = Release|Any CPU
		{6CECBFEA-0DC9-42BE-AE3F-C8404A1AD4B2}.Release|Any CPU.Build.0 = Release|Any CPU
		{6CECBFEA-0DC9-42BE-AE3F-C8404A1AD4B2}.Release|x64.ActiveCfg = Release|Any CPU
		{6CECBFEA-0DC9-42BE-AE3F-C8404A1AD4B2}.Release|x64.Build.0 = Release|Any CPU
		{6CECBFEA-0DC9-42BE-AE3F-C8404A1AD4B2}.Release|x86.ActiveCfg = Release|Any CPU
		{6CECBFEA-0DC9-42BE-AE3F-C8404A1AD4B2}.Release|x86.Build.0 = Release|Any CPU
		{54AD09C6-4934-4445-AD64-354AFB8A3F30}.Debug|Any CPU.ActiveCfg = Debug|Any CPU
		{54AD09C6-4934-4445-AD64-354AFB8A3F30}.Debug|Any CPU.Build.0 = Debug|Any CPU
		{54AD09C6-4934-4445-AD64-354AFB8A3F30}.Debug|x64.ActiveCfg = Debug|Any CPU
		{54AD09C6-4934-4445-AD64-354AFB8A3F30}.Debug|x64.Build.0 = Debug|Any CPU
		{54AD09C6-4934-4445-AD64-354AFB8A3F30}.Debug|x86.ActiveCfg = Debug|Any CPU
		{54AD09C6-4934-4445-AD64-354AFB8A3F30}.Debug|x86.Build.0 = Debug|Any CPU
		{54AD09C6-4934-4445-AD64-354AFB8A3F30}.Release|Any CPU.ActiveCfg = Release|Any CPU
		{54AD09C6-4934-4445-AD64-354AFB8A3F30}.Release|Any CPU.Build.0 = Release|Any CPU
		{54AD09C6-4934-4445-AD64-354AFB8A3F30}.Release|x64.ActiveCfg = Release|Any CPU
		{54AD09C6-4934-4445-AD64-354AFB8A3F30}.Release|x64.Build.0 = Release|Any CPU
		{54AD09C6-4934-4445-AD64-354AFB8A3F30}.Release|x86.ActiveCfg = Release|Any CPU
		{54AD09C6-4934-4445-AD64-354AFB8A3F30}.Release|x86.Build.0 = Release|Any CPU
		{26C09450-167D-41BF-B206-D5C7135E3EBA}.Debug|Any CPU.ActiveCfg = Debug|Any CPU
		{26C09450-167D-41BF-B206-D5C7135E3EBA}.Debug|Any CPU.Build.0 = Debug|Any CPU
		{26C09450-167D-41BF-B206-D5C7135E3EBA}.Debug|x64.ActiveCfg = Debug|Any CPU
		{26C09450-167D-41BF-B206-D5C7135E3EBA}.Debug|x64.Build.0 = Debug|Any CPU
		{26C09450-167D-41BF-B206-D5C7135E3EBA}.Debug|x86.ActiveCfg = Debug|Any CPU
		{26C09450-167D-41BF-B206-D5C7135E3EBA}.Debug|x86.Build.0 = Debug|Any CPU
		{26C09450-167D-41BF-B206-D5C7135E3EBA}.Release|Any CPU.ActiveCfg = Release|Any CPU
		{26C09450-167D-41BF-B206-D5C7135E3EBA}.Release|Any CPU.Build.0 = Release|Any CPU
		{26C09450-167D-41BF-B206-D5C7135E3EBA}.Release|x64.ActiveCfg = Release|Any CPU
		{26C09450-167D-41BF-B206-D5C7135E3EBA}.Release|x64.Build.0 = Release|Any CPU
		{26C09450-167D-41BF-B206-D5C7135E3EBA}.Release|x86.ActiveCfg = Release|Any CPU
		{26C09450-167D-41BF-B206-D5C7135E3EBA}.Release|x86.Build.0 = Release|Any CPU
		{60582E23-E81C-4AA5-BD29-CBD086BADF46}.Debug|Any CPU.ActiveCfg = Debug|Any CPU
		{60582E23-E81C-4AA5-BD29-CBD086BADF46}.Debug|Any CPU.Build.0 = Debug|Any CPU
		{60582E23-E81C-4AA5-BD29-CBD086BADF46}.Debug|x64.ActiveCfg = Debug|Any CPU
		{60582E23-E81C-4AA5-BD29-CBD086BADF46}.Debug|x64.Build.0 = Debug|Any CPU
		{60582E23-E81C-4AA5-BD29-CBD086BADF46}.Debug|x86.ActiveCfg = Debug|Any CPU
		{60582E23-E81C-4AA5-BD29-CBD086BADF46}.Debug|x86.Build.0 = Debug|Any CPU
		{60582E23-E81C-4AA5-BD29-CBD086BADF46}.Release|Any CPU.ActiveCfg = Release|Any CPU
		{60582E23-E81C-4AA5-BD29-CBD086BADF46}.Release|Any CPU.Build.0 = Release|Any CPU
		{60582E23-E81C-4AA5-BD29-CBD086BADF46}.Release|x64.ActiveCfg = Release|Any CPU
		{60582E23-E81C-4AA5-BD29-CBD086BADF46}.Release|x64.Build.0 = Release|Any CPU
		{60582E23-E81C-4AA5-BD29-CBD086BADF46}.Release|x86.ActiveCfg = Release|Any CPU
		{60582E23-E81C-4AA5-BD29-CBD086BADF46}.Release|x86.Build.0 = Release|Any CPU
		{54CA7AC6-B3C6-4A39-A0D6-FA6DDC7AA571}.Debug|Any CPU.ActiveCfg = Debug|Any CPU
		{54CA7AC6-B3C6-4A39-A0D6-FA6DDC7AA571}.Debug|Any CPU.Build.0 = Debug|Any CPU
		{54CA7AC6-B3C6-4A39-A0D6-FA6DDC7AA571}.Debug|x64.ActiveCfg = Debug|Any CPU
		{54CA7AC6-B3C6-4A39-A0D6-FA6DDC7AA571}.Debug|x64.Build.0 = Debug|Any CPU
		{54CA7AC6-B3C6-4A39-A0D6-FA6DDC7AA571}.Debug|x86.ActiveCfg = Debug|Any CPU
		{54CA7AC6-B3C6-4A39-A0D6-FA6DDC7AA571}.Debug|x86.Build.0 = Debug|Any CPU
		{54CA7AC6-B3C6-4A39-A0D6-FA6DDC7AA571}.Release|Any CPU.ActiveCfg = Release|Any CPU
		{54CA7AC6-B3C6-4A39-A0D6-FA6DDC7AA571}.Release|Any CPU.Build.0 = Release|Any CPU
		{54CA7AC6-B3C6-4A39-A0D6-FA6DDC7AA571}.Release|x64.ActiveCfg = Release|Any CPU
		{54CA7AC6-B3C6-4A39-A0D6-FA6DDC7AA571}.Release|x64.Build.0 = Release|Any CPU
		{54CA7AC6-B3C6-4A39-A0D6-FA6DDC7AA571}.Release|x86.ActiveCfg = Release|Any CPU
		{54CA7AC6-B3C6-4A39-A0D6-FA6DDC7AA571}.Release|x86.Build.0 = Release|Any CPU
		{3226FFF8-0977-46CD-80CB-433B5924B44F}.Debug|Any CPU.ActiveCfg = Debug|Any CPU
		{3226FFF8-0977-46CD-80CB-433B5924B44F}.Debug|Any CPU.Build.0 = Debug|Any CPU
		{3226FFF8-0977-46CD-80CB-433B5924B44F}.Debug|x64.ActiveCfg = Debug|Any CPU
		{3226FFF8-0977-46CD-80CB-433B5924B44F}.Debug|x64.Build.0 = Debug|Any CPU
		{3226FFF8-0977-46CD-80CB-433B5924B44F}.Debug|x86.ActiveCfg = Debug|Any CPU
		{3226FFF8-0977-46CD-80CB-433B5924B44F}.Debug|x86.Build.0 = Debug|Any CPU
		{3226FFF8-0977-46CD-80CB-433B5924B44F}.Release|Any CPU.ActiveCfg = Release|Any CPU
		{3226FFF8-0977-46CD-80CB-433B5924B44F}.Release|Any CPU.Build.0 = Release|Any CPU
		{3226FFF8-0977-46CD-80CB-433B5924B44F}.Release|x64.ActiveCfg = Release|Any CPU
		{3226FFF8-0977-46CD-80CB-433B5924B44F}.Release|x64.Build.0 = Release|Any CPU
		{3226FFF8-0977-46CD-80CB-433B5924B44F}.Release|x86.ActiveCfg = Release|Any CPU
		{3226FFF8-0977-46CD-80CB-433B5924B44F}.Release|x86.Build.0 = Release|Any CPU
		{49144967-C2EF-481F-90D0-E6F47983B2F5}.Debug|Any CPU.ActiveCfg = Debug|Any CPU
		{49144967-C2EF-481F-90D0-E6F47983B2F5}.Debug|Any CPU.Build.0 = Debug|Any CPU
		{49144967-C2EF-481F-90D0-E6F47983B2F5}.Debug|x64.ActiveCfg = Debug|Any CPU
		{49144967-C2EF-481F-90D0-E6F47983B2F5}.Debug|x64.Build.0 = Debug|Any CPU
		{49144967-C2EF-481F-90D0-E6F47983B2F5}.Debug|x86.ActiveCfg = Debug|Any CPU
		{49144967-C2EF-481F-90D0-E6F47983B2F5}.Debug|x86.Build.0 = Debug|Any CPU
		{49144967-C2EF-481F-90D0-E6F47983B2F5}.Release|Any CPU.ActiveCfg = Release|Any CPU
		{49144967-C2EF-481F-90D0-E6F47983B2F5}.Release|Any CPU.Build.0 = Release|Any CPU
		{49144967-C2EF-481F-90D0-E6F47983B2F5}.Release|x64.ActiveCfg = Release|Any CPU
		{49144967-C2EF-481F-90D0-E6F47983B2F5}.Release|x64.Build.0 = Release|Any CPU
		{49144967-C2EF-481F-90D0-E6F47983B2F5}.Release|x86.ActiveCfg = Release|Any CPU
		{49144967-C2EF-481F-90D0-E6F47983B2F5}.Release|x86.Build.0 = Release|Any CPU
		{BD61639E-3DFC-4B6D-BAF6-1CA7E61DB576}.Debug|Any CPU.ActiveCfg = Debug|Any CPU
		{BD61639E-3DFC-4B6D-BAF6-1CA7E61DB576}.Debug|Any CPU.Build.0 = Debug|Any CPU
		{BD61639E-3DFC-4B6D-BAF6-1CA7E61DB576}.Debug|x64.ActiveCfg = Debug|Any CPU
		{BD61639E-3DFC-4B6D-BAF6-1CA7E61DB576}.Debug|x64.Build.0 = Debug|Any CPU
		{BD61639E-3DFC-4B6D-BAF6-1CA7E61DB576}.Debug|x86.ActiveCfg = Debug|Any CPU
		{BD61639E-3DFC-4B6D-BAF6-1CA7E61DB576}.Debug|x86.Build.0 = Debug|Any CPU
		{BD61639E-3DFC-4B6D-BAF6-1CA7E61DB576}.Release|Any CPU.ActiveCfg = Release|Any CPU
		{BD61639E-3DFC-4B6D-BAF6-1CA7E61DB576}.Release|Any CPU.Build.0 = Release|Any CPU
		{BD61639E-3DFC-4B6D-BAF6-1CA7E61DB576}.Release|x64.ActiveCfg = Release|Any CPU
		{BD61639E-3DFC-4B6D-BAF6-1CA7E61DB576}.Release|x64.Build.0 = Release|Any CPU
		{BD61639E-3DFC-4B6D-BAF6-1CA7E61DB576}.Release|x86.ActiveCfg = Release|Any CPU
		{BD61639E-3DFC-4B6D-BAF6-1CA7E61DB576}.Release|x86.Build.0 = Release|Any CPU
		{DC1F5A17-E560-4390-917B-387CB5275616}.Debug|Any CPU.ActiveCfg = Debug|Any CPU
		{DC1F5A17-E560-4390-917B-387CB5275616}.Debug|Any CPU.Build.0 = Debug|Any CPU
		{DC1F5A17-E560-4390-917B-387CB5275616}.Debug|x64.ActiveCfg = Debug|Any CPU
		{DC1F5A17-E560-4390-917B-387CB5275616}.Debug|x64.Build.0 = Debug|Any CPU
		{DC1F5A17-E560-4390-917B-387CB5275616}.Debug|x86.ActiveCfg = Debug|Any CPU
		{DC1F5A17-E560-4390-917B-387CB5275616}.Debug|x86.Build.0 = Debug|Any CPU
		{DC1F5A17-E560-4390-917B-387CB5275616}.Release|Any CPU.ActiveCfg = Release|Any CPU
		{DC1F5A17-E560-4390-917B-387CB5275616}.Release|Any CPU.Build.0 = Release|Any CPU
		{DC1F5A17-E560-4390-917B-387CB5275616}.Release|x64.ActiveCfg = Release|Any CPU
		{DC1F5A17-E560-4390-917B-387CB5275616}.Release|x64.Build.0 = Release|Any CPU
		{DC1F5A17-E560-4390-917B-387CB5275616}.Release|x86.ActiveCfg = Release|Any CPU
		{DC1F5A17-E560-4390-917B-387CB5275616}.Release|x86.Build.0 = Release|Any CPU
		{7FB36BE6-BF8A-477C-9B41-99D771B71373}.Debug|Any CPU.ActiveCfg = Debug|Any CPU
		{7FB36BE6-BF8A-477C-9B41-99D771B71373}.Debug|Any CPU.Build.0 = Debug|Any CPU
		{7FB36BE6-BF8A-477C-9B41-99D771B71373}.Debug|x64.ActiveCfg = Debug|Any CPU
		{7FB36BE6-BF8A-477C-9B41-99D771B71373}.Debug|x64.Build.0 = Debug|Any CPU
		{7FB36BE6-BF8A-477C-9B41-99D771B71373}.Debug|x86.ActiveCfg = Debug|Any CPU
		{7FB36BE6-BF8A-477C-9B41-99D771B71373}.Debug|x86.Build.0 = Debug|Any CPU
		{7FB36BE6-BF8A-477C-9B41-99D771B71373}.Release|Any CPU.ActiveCfg = Release|Any CPU
		{7FB36BE6-BF8A-477C-9B41-99D771B71373}.Release|Any CPU.Build.0 = Release|Any CPU
		{7FB36BE6-BF8A-477C-9B41-99D771B71373}.Release|x64.ActiveCfg = Release|Any CPU
		{7FB36BE6-BF8A-477C-9B41-99D771B71373}.Release|x64.Build.0 = Release|Any CPU
		{7FB36BE6-BF8A-477C-9B41-99D771B71373}.Release|x86.ActiveCfg = Release|Any CPU
		{7FB36BE6-BF8A-477C-9B41-99D771B71373}.Release|x86.Build.0 = Release|Any CPU
		{73045023-85D5-4D85-8DB9-2984243CC897}.Debug|Any CPU.ActiveCfg = Debug|Any CPU
		{73045023-85D5-4D85-8DB9-2984243CC897}.Debug|Any CPU.Build.0 = Debug|Any CPU
		{73045023-85D5-4D85-8DB9-2984243CC897}.Debug|x64.ActiveCfg = Debug|Any CPU
		{73045023-85D5-4D85-8DB9-2984243CC897}.Debug|x64.Build.0 = Debug|Any CPU
		{73045023-85D5-4D85-8DB9-2984243CC897}.Debug|x86.ActiveCfg = Debug|Any CPU
		{73045023-85D5-4D85-8DB9-2984243CC897}.Debug|x86.Build.0 = Debug|Any CPU
		{73045023-85D5-4D85-8DB9-2984243CC897}.Release|Any CPU.ActiveCfg = Release|Any CPU
		{73045023-85D5-4D85-8DB9-2984243CC897}.Release|Any CPU.Build.0 = Release|Any CPU
		{73045023-85D5-4D85-8DB9-2984243CC897}.Release|x64.ActiveCfg = Release|Any CPU
		{73045023-85D5-4D85-8DB9-2984243CC897}.Release|x64.Build.0 = Release|Any CPU
		{73045023-85D5-4D85-8DB9-2984243CC897}.Release|x86.ActiveCfg = Release|Any CPU
		{73045023-85D5-4D85-8DB9-2984243CC897}.Release|x86.Build.0 = Release|Any CPU
		{EDEF7FC0-FC20-4E8D-911F-E547085ACB5C}.Debug|Any CPU.ActiveCfg = Debug|Any CPU
		{EDEF7FC0-FC20-4E8D-911F-E547085ACB5C}.Debug|Any CPU.Build.0 = Debug|Any CPU
		{EDEF7FC0-FC20-4E8D-911F-E547085ACB5C}.Debug|x64.ActiveCfg = Debug|Any CPU
		{EDEF7FC0-FC20-4E8D-911F-E547085ACB5C}.Debug|x64.Build.0 = Debug|Any CPU
		{EDEF7FC0-FC20-4E8D-911F-E547085ACB5C}.Debug|x86.ActiveCfg = Debug|Any CPU
		{EDEF7FC0-FC20-4E8D-911F-E547085ACB5C}.Debug|x86.Build.0 = Debug|Any CPU
		{EDEF7FC0-FC20-4E8D-911F-E547085ACB5C}.Release|Any CPU.ActiveCfg = Release|Any CPU
		{EDEF7FC0-FC20-4E8D-911F-E547085ACB5C}.Release|Any CPU.Build.0 = Release|Any CPU
		{EDEF7FC0-FC20-4E8D-911F-E547085ACB5C}.Release|x64.ActiveCfg = Release|Any CPU
		{EDEF7FC0-FC20-4E8D-911F-E547085ACB5C}.Release|x64.Build.0 = Release|Any CPU
		{EDEF7FC0-FC20-4E8D-911F-E547085ACB5C}.Release|x86.ActiveCfg = Release|Any CPU
		{EDEF7FC0-FC20-4E8D-911F-E547085ACB5C}.Release|x86.Build.0 = Release|Any CPU
		{942A8241-DF18-488F-8F02-0113241C76E1}.Debug|Any CPU.ActiveCfg = Debug|Any CPU
		{942A8241-DF18-488F-8F02-0113241C76E1}.Debug|Any CPU.Build.0 = Debug|Any CPU
		{942A8241-DF18-488F-8F02-0113241C76E1}.Debug|x64.ActiveCfg = Debug|Any CPU
		{942A8241-DF18-488F-8F02-0113241C76E1}.Debug|x64.Build.0 = Debug|Any CPU
		{942A8241-DF18-488F-8F02-0113241C76E1}.Debug|x86.ActiveCfg = Debug|Any CPU
		{942A8241-DF18-488F-8F02-0113241C76E1}.Debug|x86.Build.0 = Debug|Any CPU
		{942A8241-DF18-488F-8F02-0113241C76E1}.Release|Any CPU.ActiveCfg = Release|Any CPU
		{942A8241-DF18-488F-8F02-0113241C76E1}.Release|Any CPU.Build.0 = Release|Any CPU
		{942A8241-DF18-488F-8F02-0113241C76E1}.Release|x64.ActiveCfg = Release|Any CPU
		{942A8241-DF18-488F-8F02-0113241C76E1}.Release|x64.Build.0 = Release|Any CPU
		{942A8241-DF18-488F-8F02-0113241C76E1}.Release|x86.ActiveCfg = Release|Any CPU
		{942A8241-DF18-488F-8F02-0113241C76E1}.Release|x86.Build.0 = Release|Any CPU
		{4D194DC8-4A6C-4828-B71D-D0384B9D08A7}.Debug|Any CPU.ActiveCfg = Debug|Any CPU
		{4D194DC8-4A6C-4828-B71D-D0384B9D08A7}.Debug|Any CPU.Build.0 = Debug|Any CPU
		{4D194DC8-4A6C-4828-B71D-D0384B9D08A7}.Debug|x64.ActiveCfg = Debug|Any CPU
		{4D194DC8-4A6C-4828-B71D-D0384B9D08A7}.Debug|x64.Build.0 = Debug|Any CPU
		{4D194DC8-4A6C-4828-B71D-D0384B9D08A7}.Debug|x86.ActiveCfg = Debug|Any CPU
		{4D194DC8-4A6C-4828-B71D-D0384B9D08A7}.Debug|x86.Build.0 = Debug|Any CPU
		{4D194DC8-4A6C-4828-B71D-D0384B9D08A7}.Release|Any CPU.ActiveCfg = Release|Any CPU
		{4D194DC8-4A6C-4828-B71D-D0384B9D08A7}.Release|Any CPU.Build.0 = Release|Any CPU
		{4D194DC8-4A6C-4828-B71D-D0384B9D08A7}.Release|x64.ActiveCfg = Release|Any CPU
		{4D194DC8-4A6C-4828-B71D-D0384B9D08A7}.Release|x64.Build.0 = Release|Any CPU
		{4D194DC8-4A6C-4828-B71D-D0384B9D08A7}.Release|x86.ActiveCfg = Release|Any CPU
		{4D194DC8-4A6C-4828-B71D-D0384B9D08A7}.Release|x86.Build.0 = Release|Any CPU
		{8A3DD767-3B82-4088-B11D-B41E6317B359}.Debug|Any CPU.ActiveCfg = Debug|Any CPU
		{8A3DD767-3B82-4088-B11D-B41E6317B359}.Debug|Any CPU.Build.0 = Debug|Any CPU
		{8A3DD767-3B82-4088-B11D-B41E6317B359}.Debug|x64.ActiveCfg = Debug|Any CPU
		{8A3DD767-3B82-4088-B11D-B41E6317B359}.Debug|x64.Build.0 = Debug|Any CPU
		{8A3DD767-3B82-4088-B11D-B41E6317B359}.Debug|x86.ActiveCfg = Debug|Any CPU
		{8A3DD767-3B82-4088-B11D-B41E6317B359}.Debug|x86.Build.0 = Debug|Any CPU
		{8A3DD767-3B82-4088-B11D-B41E6317B359}.Release|Any CPU.ActiveCfg = Release|Any CPU
		{8A3DD767-3B82-4088-B11D-B41E6317B359}.Release|Any CPU.Build.0 = Release|Any CPU
		{8A3DD767-3B82-4088-B11D-B41E6317B359}.Release|x64.ActiveCfg = Release|Any CPU
		{8A3DD767-3B82-4088-B11D-B41E6317B359}.Release|x64.Build.0 = Release|Any CPU
		{8A3DD767-3B82-4088-B11D-B41E6317B359}.Release|x86.ActiveCfg = Release|Any CPU
		{8A3DD767-3B82-4088-B11D-B41E6317B359}.Release|x86.Build.0 = Release|Any CPU
	EndGlobalSection
	GlobalSection(SolutionProperties) = preSolution
		HideSolutionNode = FALSE
	EndGlobalSection
	GlobalSection(NestedProjects) = preSolution
		{6CECBFEA-0DC9-42BE-AE3F-C8404A1AD4B2} = {2C23F739-4CCF-4D98-5F80-CB5325689DE4}
		{54AD09C6-4934-4445-AD64-354AFB8A3F30} = {4212B86E-31B4-C78C-2768-9246C758E373}
		{D007FFCC-E848-D469-848C-D002216858D6} = {980CB5DE-473C-0215-9804-C595D1F8FF98}
		{26C09450-167D-41BF-B206-D5C7135E3EBA} = {D007FFCC-E848-D469-848C-D002216858D6}
		{60582E23-E81C-4AA5-BD29-CBD086BADF46} = {D007FFCC-E848-D469-848C-D002216858D6}
		{54CA7AC6-B3C6-4A39-A0D6-FA6DDC7AA571} = {D007FFCC-E848-D469-848C-D002216858D6}
		{3226FFF8-0977-46CD-80CB-433B5924B44F} = {D007FFCC-E848-D469-848C-D002216858D6}
		{49144967-C2EF-481F-90D0-E6F47983B2F5} = {D007FFCC-E848-D469-848C-D002216858D6}
		{389C6D25-3551-6D88-C799-119AC4001529} = {D007FFCC-E848-D469-848C-D002216858D6}
		{BD61639E-3DFC-4B6D-BAF6-1CA7E61DB576} = {389C6D25-3551-6D88-C799-119AC4001529}
		{F66587DA-1689-3787-E90F-0B579D7E89F7} = {980CB5DE-473C-0215-9804-C595D1F8FF98}
		{DC1F5A17-E560-4390-917B-387CB5275616} = {F66587DA-1689-3787-E90F-0B579D7E89F7}
		{7FB36BE6-BF8A-477C-9B41-99D771B71373} = {F66587DA-1689-3787-E90F-0B579D7E89F7}
		{73045023-85D5-4D85-8DB9-2984243CC897} = {F66587DA-1689-3787-E90F-0B579D7E89F7}
		{EDEF7FC0-FC20-4E8D-911F-E547085ACB5C} = {F66587DA-1689-3787-E90F-0B579D7E89F7}
		{942A8241-DF18-488F-8F02-0113241C76E1} = {F66587DA-1689-3787-E90F-0B579D7E89F7}
		{DB02AE29-DED7-1BF3-C762-2D32F5A74F92} = {F66587DA-1689-3787-E90F-0B579D7E89F7}
		{4D194DC8-4A6C-4828-B71D-D0384B9D08A7} = {DB02AE29-DED7-1BF3-C762-2D32F5A74F92}
		{8A3DD767-3B82-4088-B11D-B41E6317B359} = {6F73D70B-CDBA-C3C0-7406-8467CB8BE2DE}
	EndGlobalSection
EndGlobal
